{
  "version": 4,
  "terraform_version": "0.12.24",
  "serial": 19,
  "lineage": "fa8bde7f-dd84-e077-638e-981ab020432c",
  "outputs": {},
  "resources": [
    {
      "module": "module.asg",
      "mode": "managed",
      "type": "aws_autoscaling_group",
      "name": "this",
      "each": "list",
      "provider": "provider.aws",
      "instances": [
        {
          "index_key": 0,
          "schema_version": 0,
          "attributes": {
            "arn": "arn:aws:autoscaling:us-east-1:116060500502:autoScalingGroup:9e8c9cf4-ca3c-4ec1-b6b2-4db79846f23e:autoScalingGroupName/example-asg-20200704142857907300000002",
            "availability_zones": [
              "us-east-1a",
              "us-east-1b"
            ],
            "default_cooldown": 300,
            "desired_capacity": 2,
            "enabled_metrics": [
              "GroupDesiredCapacity",
              "GroupInServiceInstances",
              "GroupMaxSize",
              "GroupMinSize",
              "GroupPendingInstances",
              "GroupStandbyInstances",
              "GroupTerminatingInstances",
              "GroupTotalInstances"
            ],
            "force_delete": false,
            "health_check_grace_period": 300,
            "health_check_type": "EC2",
            "id": "example-asg-20200704142857907300000002",
            "initial_lifecycle_hook": [],
            "launch_configuration": "example-lc-20200704142853039100000001",
            "launch_template": [],
            "load_balancers": [],
            "max_instance_lifetime": 0,
            "max_size": 4,
            "metrics_granularity": "1Minute",
            "min_elb_capacity": 0,
            "min_size": 0,
            "mixed_instances_policy": [],
            "name": "example-asg-20200704142857907300000002",
            "name_prefix": "example-asg-",
            "placement_group": "",
            "protect_from_scale_in": false,
            "service_linked_role_arn": "arn:aws:iam::116060500502:role/aws-service-role/autoscaling.amazonaws.com/AWSServiceRoleForAutoScaling",
            "suspended_processes": null,
            "tag": [],
            "tags": [
              {
                "key": "Environment",
                "propagate_at_launch": "true",
                "value": "dev"
              },
              {
                "key": "Name",
                "propagate_at_launch": "true",
                "value": "service"
              },
              {
                "key": "Project",
                "propagate_at_launch": "true",
                "value": "megasecret"
              },
              {
                "key": "extra_tag1",
                "propagate_at_launch": "true",
                "value": "extra_value1"
              },
              {
                "key": "extra_tag2",
                "propagate_at_launch": "true",
                "value": "extra_value2"
              }
            ],
            "target_group_arns": [],
            "termination_policies": [
              "Default"
            ],
            "timeouts": null,
            "vpc_zone_identifier": [
              "subnet-0902e48ec6f971922",
              "subnet-0c3672bbc0d178dff"
            ],
            "wait_for_capacity_timeout": "0",
            "wait_for_elb_capacity": null
          },
          "private": "eyJlMmJmYjczMC1lY2FhLTExZTYtOGY4OC0zNDM2M2JjN2M0YzAiOnsiZGVsZXRlIjo2MDAwMDAwMDAwMDB9fQ==",
          "dependencies": [
            "aws_iam_instance_profile.test_profile",
            "module.asg.aws_launch_configuration.this",
            "module.asg.null_resource.tags_as_list_of_maps",
            "module.asg.random_pet.asg_name"
          ]
        }
      ]
    },
    {
      "module": "module.asg",
      "mode": "managed",
      "type": "aws_autoscaling_group",
      "name": "this_with_initial_lifecycle_hook",
      "each": "list",
      "provider": "provider.aws",
      "instances": []
    },
    {
      "mode": "managed",
      "type": "aws_ecs_cluster",
      "name": "prod-ecs-cluster",
      "provider": "provider.aws",
      "instances": [
        {
          "schema_version": 0,
          "attributes": {
            "arn": "arn:aws:ecs:us-east-1:116060500502:cluster/prod-ecs-cluster",
            "capacity_providers": [],
            "default_capacity_provider_strategy": [],
            "id": "arn:aws:ecs:us-east-1:116060500502:cluster/prod-ecs-cluster",
            "name": "prod-ecs-cluster",
            "setting": [
              {
                "name": "containerInsights",
                "value": "disabled"
              }
            ],
            "tags": {}
          },
          "private": "bnVsbA=="
        }
      ]
    },
    {
      "mode": "managed",
      "type": "aws_ecs_service",
      "name": "test",
      "provider": "provider.aws",
      "instances": [
        {
          "schema_version": 0,
          "attributes": {
            "capacity_provider_strategy": [],
            "cluster": "arn:aws:ecs:us-east-1:116060500502:cluster/prod-ecs-cluster",
            "deployment_controller": [
              {
                "type": "ECS"
              }
            ],
            "deployment_maximum_percent": 200,
            "deployment_minimum_healthy_percent": 100,
            "desired_count": 2,
            "enable_ecs_managed_tags": false,
            "force_new_deployment": null,
            "health_check_grace_period_seconds": 0,
            "iam_role": "aws-service-role",
            "id": "arn:aws:ecs:us-east-1:116060500502:service/ecs-service",
            "launch_type": "EC2",
            "load_balancer": [
              {
                "container_name": "first",
                "container_port": 80,
                "elb_name": "",
                "target_group_arn": "arn:aws:elasticloadbalancing:us-east-1:116060500502:targetgroup/tf-example-lb-tg/d075f20bfd909db8"
              }
            ],
            "name": "ecs-service",
            "network_configuration": [],
            "ordered_placement_strategy": [
              {
                "field": "cpu",
                "type": "binpack"
              }
            ],
            "placement_constraints": [
              {
                "expression": "attribute:ecs.availability-zone in [us-east-1a, us-east-1b]",
                "type": "memberOf"
              }
            ],
            "placement_strategy": [],
            "platform_version": "",
            "propagate_tags": "NONE",
            "scheduling_strategy": "REPLICA",
            "service_registries": [],
            "tags": null,
            "task_definition": "arn:aws:ecs:us-east-1:116060500502:task-definition/ecs-task:1"
          },
          "private": "bnVsbA==",
          "dependencies": [
            "aws_ecs_cluster.prod-ecs-cluster",
            "aws_ecs_task_definition.service",
            "aws_iam_instance_profile.test_profile",
            "aws_lb.front_end",
            "aws_lb_listener.front_end",
            "aws_lb_target_group.front_end",
            "module.asg.aws_autoscaling_group.this",
            "module.asg.aws_autoscaling_group.this_with_initial_lifecycle_hook",
            "module.asg.aws_launch_configuration.this",
            "module.asg.null_resource.tags_as_list_of_maps",
            "module.asg.random_pet.asg_name",
            "time_sleep.wait_120_seconds"
          ]
        }
      ]
    },
    {
      "mode": "managed",
      "type": "aws_ecs_task_definition",
      "name": "service",
      "provider": "provider.aws",
      "instances": [
        {
          "schema_version": 1,
          "attributes": {
            "arn": "arn:aws:ecs:us-east-1:116060500502:task-definition/ecs-task:1",
            "container_definitions": "[{\"cpu\":128,\"environment\":[],\"essential\":true,\"image\":\"nginx\",\"memory\":256,\"mountPoints\":[],\"name\":\"first\",\"portMappings\":[{\"containerPort\":80,\"hostPort\":80,\"protocol\":\"tcp\"}],\"volumesFrom\":[]}]",
            "cpu": "",
            "execution_role_arn": "",
            "family": "ecs-task",
            "id": "ecs-task",
            "inference_accelerator": [],
            "ipc_mode": "",
            "memory": "",
            "network_mode": "",
            "pid_mode": "",
            "placement_constraints": [
              {
                "expression": "attribute:ecs.availability-zone in [us-east-1a, us-east-1b]",
                "type": "memberOf"
              }
            ],
            "proxy_configuration": [],
            "requires_compatibilities": [],
            "revision": 1,
            "tags": {},
            "task_role_arn": "",
            "volume": [
              {
                "docker_volume_configuration": [],
                "efs_volume_configuration": [],
                "host_path": "/ecs/service-storage",
                "name": "service-storage"
              }
            ]
          },
          "private": "eyJzY2hlbWFfdmVyc2lvbiI6IjEifQ=="
        }
      ]
    },
    {
      "mode": "managed",
      "type": "aws_iam_instance_profile",
      "name": "test_profile",
      "provider": "provider.aws",
      "instances": [
        {
          "schema_version": 0,
          "attributes": {
            "arn": "arn:aws:iam::116060500502:instance-profile/test-role",
            "create_date": "2020-07-04T13:53:35Z",
            "id": "test-role",
            "name": "test-role",
            "name_prefix": null,
            "path": "/",
            "role": "test-role",
            "roles": [
              "test-role"
            ],
            "unique_id": "AIPARWBN6WILOA26NW6KY"
          },
          "private": "bnVsbA==",
          "dependencies": [
            "aws_iam_role.role"
          ]
        }
      ]
    },
    {
      "mode": "managed",
      "type": "aws_iam_policy_attachment",
      "name": "test-attach",
      "provider": "provider.aws",
      "instances": [
        {
          "schema_version": 0,
          "attributes": {
            "groups": [],
            "id": "test-attachment",
            "name": "test-attachment",
            "policy_arn": "arn:aws:iam::aws:policy/AdministratorAccess",
            "roles": [
              "test-role"
            ],
            "users": []
          },
          "private": "bnVsbA==",
          "dependencies": [
            "aws_iam_role.role"
          ]
        }
      ]
    },
    {
      "mode": "managed",
      "type": "aws_iam_role",
      "name": "role",
      "provider": "provider.aws",
      "instances": [
        {
          "schema_version": 0,
          "attributes": {
            "arn": "arn:aws:iam::116060500502:role/test-role",
            "assume_role_policy": "{\"Version\":\"2012-10-17\",\"Statement\":[{\"Sid\":\"\",\"Effect\":\"Allow\",\"Principal\":{\"Service\":\"ec2.amazonaws.com\"},\"Action\":\"sts:AssumeRole\"}]}",
            "create_date": "2020-07-04T13:53:33Z",
            "description": "",
            "force_detach_policies": false,
            "id": "test-role",
            "max_session_duration": 3600,
            "name": "test-role",
            "name_prefix": null,
            "path": "/",
            "permissions_boundary": null,
            "tags": {},
            "unique_id": "AROARWBN6WILMKWR3PBC4"
          },
          "private": "bnVsbA=="
        }
      ]
    },
    {
      "module": "module.asg",
      "mode": "managed",
      "type": "aws_launch_configuration",
      "name": "this",
      "each": "list",
      "provider": "provider.aws",
      "instances": [
        {
          "index_key": 0,
          "schema_version": 0,
          "attributes": {
            "arn": "arn:aws:autoscaling:us-east-1:116060500502:launchConfiguration:30f2f2b7-0f54-46da-87d4-97a292864798:launchConfigurationName/example-lc-20200704142853039100000001",
            "associate_public_ip_address": false,
            "ebs_block_device": [
              {
                "delete_on_termination": true,
                "device_name": "/dev/xvdz",
                "encrypted": false,
                "iops": 0,
                "no_device": false,
                "snapshot_id": "",
                "volume_size": 5,
                "volume_type": "gp2"
              }
            ],
            "ebs_optimized": false,
            "enable_monitoring": true,
            "ephemeral_block_device": [],
            "iam_instance_profile": "test-role",
            "id": "example-lc-20200704142853039100000001",
            "image_id": "ami-00129b193dc81bc31",
            "instance_type": "t2.medium",
            "key_name": "",
            "name": "example-lc-20200704142853039100000001",
            "name_prefix": "example-lc-",
            "placement_tenancy": "default",
            "root_block_device": [
              {
                "delete_on_termination": true,
                "encrypted": false,
                "iops": 0,
                "volume_size": 8,
                "volume_type": "gp2"
              }
            ],
            "security_groups": [
              "sg-044a92fdb5844a4c5"
            ],
            "spot_price": "",
            "user_data": "d612eef69033eac3d2e7a15601aa5f3c7a47e255",
            "user_data_base64": null,
            "vpc_classic_link_id": "",
            "vpc_classic_link_security_groups": null
          },
          "private": "bnVsbA==",
          "dependencies": [
            "aws_iam_instance_profile.test_profile"
          ]
        }
      ]
    },
    {
      "mode": "managed",
      "type": "aws_lb",
      "name": "front_end",
      "provider": "provider.aws",
      "instances": [
        {
          "schema_version": 0,
          "attributes": {
            "access_logs": [
              {
                "bucket": "",
                "enabled": false,
                "prefix": ""
              }
            ],
            "arn": "arn:aws:elasticloadbalancing:us-east-1:116060500502:loadbalancer/app/test-lb-tf/e92385f0bb7dab7e",
            "arn_suffix": "app/test-lb-tf/e92385f0bb7dab7e",
            "dns_name": "test-lb-tf-1880095618.us-east-1.elb.amazonaws.com",
            "drop_invalid_header_fields": false,
            "enable_cross_zone_load_balancing": null,
            "enable_deletion_protection": false,
            "enable_http2": true,
            "id": "arn:aws:elasticloadbalancing:us-east-1:116060500502:loadbalancer/app/test-lb-tf/e92385f0bb7dab7e",
            "idle_timeout": 60,
            "internal": false,
            "ip_address_type": "ipv4",
            "load_balancer_type": "application",
            "name": "test-lb-tf",
            "name_prefix": null,
            "security_groups": [
              "sg-044a92fdb5844a4c5"
            ],
            "subnet_mapping": [
              {
                "allocation_id": "",
                "subnet_id": "subnet-0902e48ec6f971922"
              },
              {
                "allocation_id": "",
                "subnet_id": "subnet-0c3672bbc0d178dff"
              }
            ],
            "subnets": [
              "subnet-0902e48ec6f971922",
              "subnet-0c3672bbc0d178dff"
            ],
            "tags": {
              "Environment": "production"
            },
            "timeouts": null,
            "vpc_id": "vpc-014a320b93a8dd655",
            "zone_id": "Z35SXDOTRQ7X7K"
          },
          "private": "eyJlMmJmYjczMC1lY2FhLTExZTYtOGY4OC0zNDM2M2JjN2M0YzAiOnsiY3JlYXRlIjo2MDAwMDAwMDAwMDAsImRlbGV0ZSI6NjAwMDAwMDAwMDAwLCJ1cGRhdGUiOjYwMDAwMDAwMDAwMH19"
        }
      ]
    },
    {
      "mode": "managed",
      "type": "aws_lb_listener",
      "name": "front_end",
      "provider": "provider.aws",
      "instances": [
        {
          "schema_version": 0,
          "attributes": {
            "arn": "arn:aws:elasticloadbalancing:us-east-1:116060500502:listener/app/test-lb-tf/e92385f0bb7dab7e/205b5cb24158284e",
            "certificate_arn": null,
            "default_action": [
              {
                "authenticate_cognito": [],
                "authenticate_oidc": [],
                "fixed_response": [],
                "forward": [],
                "order": 1,
                "redirect": [],
                "target_group_arn": "arn:aws:elasticloadbalancing:us-east-1:116060500502:targetgroup/tf-example-lb-tg/d075f20bfd909db8",
                "type": "forward"
              }
            ],
            "id": "arn:aws:elasticloadbalancing:us-east-1:116060500502:listener/app/test-lb-tf/e92385f0bb7dab7e/205b5cb24158284e",
            "load_balancer_arn": "arn:aws:elasticloadbalancing:us-east-1:116060500502:loadbalancer/app/test-lb-tf/e92385f0bb7dab7e",
            "port": 80,
            "protocol": "HTTP",
            "ssl_policy": "",
            "timeouts": null
          },
          "private": "eyJlMmJmYjczMC1lY2FhLTExZTYtOGY4OC0zNDM2M2JjN2M0YzAiOnsicmVhZCI6NjAwMDAwMDAwMDAwfX0=",
          "dependencies": [
            "aws_lb.front_end",
            "aws_lb_target_group.front_end"
          ]
        }
      ]
    },
    {
      "mode": "managed",
      "type": "aws_lb_listener",
      "name": "front_end_1",
      "provider": "provider.aws",
      "instances": [
        {
          "schema_version": 0,
          "attributes": {
            "arn": "arn:aws:elasticloadbalancing:us-east-1:116060500502:listener/app/test-lb-tf/e92385f0bb7dab7e/251a8846daa3397b",
            "certificate_arn": null,
            "default_action": [
              {
                "authenticate_cognito": [],
                "authenticate_oidc": [],
                "fixed_response": [],
                "forward": [],
                "order": 1,
                "redirect": [],
                "target_group_arn": "arn:aws:elasticloadbalancing:us-east-1:116060500502:targetgroup/tf-example-lb-tg-1/55791dfe7cdc0180",
                "type": "forward"
              }
            ],
            "id": "arn:aws:elasticloadbalancing:us-east-1:116060500502:listener/app/test-lb-tf/e92385f0bb7dab7e/251a8846daa3397b",
            "load_balancer_arn": "arn:aws:elasticloadbalancing:us-east-1:116060500502:loadbalancer/app/test-lb-tf/e92385f0bb7dab7e",
            "port": 8080,
            "protocol": "HTTP",
            "ssl_policy": "",
            "timeouts": null
          },
          "private": "eyJlMmJmYjczMC1lY2FhLTExZTYtOGY4OC0zNDM2M2JjN2M0YzAiOnsicmVhZCI6NjAwMDAwMDAwMDAwfX0=",
          "dependencies": [
            "aws_lb.front_end",
            "aws_lb_target_group.front_end_1"
          ]
        }
      ]
    },
    {
      "mode": "managed",
      "type": "aws_lb_target_group",
      "name": "front_end",
      "provider": "provider.aws",
      "instances": [
        {
          "schema_version": 0,
          "attributes": {
            "arn": "arn:aws:elasticloadbalancing:us-east-1:116060500502:targetgroup/tf-example-lb-tg/d075f20bfd909db8",
            "arn_suffix": "targetgroup/tf-example-lb-tg/d075f20bfd909db8",
            "deregistration_delay": 300,
            "health_check": [
              {
                "enabled": true,
                "healthy_threshold": 5,
                "interval": 30,
                "matcher": "200",
                "path": "/",
                "port": "traffic-port",
                "protocol": "HTTP",
                "timeout": 5,
                "unhealthy_threshold": 2
              }
            ],
            "id": "arn:aws:elasticloadbalancing:us-east-1:116060500502:targetgroup/tf-example-lb-tg/d075f20bfd909db8",
            "lambda_multi_value_headers_enabled": false,
            "load_balancing_algorithm_type": "round_robin",
            "name": "tf-example-lb-tg",
            "name_prefix": null,
            "port": 80,
            "protocol": "HTTP",
            "proxy_protocol_v2": false,
            "slow_start": 0,
            "stickiness": [
              {
                "cookie_duration": 86400,
                "enabled": false,
                "type": "lb_cookie"
              }
            ],
            "tags": null,
            "target_type": "instance",
            "vpc_id": "vpc-014a320b93a8dd655"
          },
          "private": "bnVsbA=="
        }
      ]
    },
    {
      "mode": "managed",
      "type": "aws_lb_target_group",
      "name": "front_end_1",
      "provider": "provider.aws",
      "instances": [
        {
          "schema_version": 0,
          "attributes": {
            "arn": "arn:aws:elasticloadbalancing:us-east-1:116060500502:targetgroup/tf-example-lb-tg-1/55791dfe7cdc0180",
            "arn_suffix": "targetgroup/tf-example-lb-tg-1/55791dfe7cdc0180",
            "deregistration_delay": 300,
            "health_check": [
              {
                "enabled": true,
                "healthy_threshold": 2,
                "interval": 10,
                "matcher": "200",
                "path": "/sample",
                "port": "traffic-port",
                "protocol": "HTTP",
                "timeout": 5,
                "unhealthy_threshold": 2
              }
            ],
            "id": "arn:aws:elasticloadbalancing:us-east-1:116060500502:targetgroup/tf-example-lb-tg-1/55791dfe7cdc0180",
            "lambda_multi_value_headers_enabled": false,
            "load_balancing_algorithm_type": "round_robin",
            "name": "tf-example-lb-tg-1",
            "name_prefix": null,
            "port": 8080,
            "protocol": "HTTP",
            "proxy_protocol_v2": false,
            "slow_start": 0,
            "stickiness": [
              {
                "cookie_duration": 86400,
                "enabled": false,
                "type": "lb_cookie"
              }
            ],
            "tags": null,
            "target_type": "instance",
            "vpc_id": "vpc-014a320b93a8dd655"
          },
          "private": "bnVsbA=="
        }
      ]
    },
    {
      "module": "module.asg",
      "mode": "managed",
      "type": "null_resource",
      "name": "tags_as_list_of_maps",
      "each": "list",
      "provider": "provider.null",
      "instances": [
        {
          "index_key": 0,
          "schema_version": 0,
          "attributes": {
            "id": "5340616072214207384",
            "triggers": {
              "key": "extra_tag1",
              "propagate_at_launch": "true",
              "value": "extra_value1"
            }
          }
        },
        {
          "index_key": 1,
          "schema_version": 0,
          "attributes": {
            "id": "1835076556138174483",
            "triggers": {
              "key": "extra_tag2",
              "propagate_at_launch": "true",
              "value": "extra_value2"
            }
          }
        }
      ]
    },
    {
      "module": "module.asg",
      "mode": "managed",
      "type": "random_pet",
      "name": "asg_name",
      "each": "list",
      "provider": "provider.random",
      "instances": []
    },
    {
      "mode": "managed",
      "type": "time_sleep",
      "name": "wait_120_seconds",
      "provider": "provider.time",
      "instances": [
        {
          "schema_version": 0,
          "attributes": {
            "create_duration": "120s",
            "destroy_duration": null,
            "id": "2020-07-04T14:34:22Z",
            "triggers": null
          },
          "private": "bnVsbA==",
          "dependencies": [
            "aws_iam_instance_profile.test_profile",
            "aws_lb.front_end",
            "aws_lb_listener.front_end",
            "aws_lb_target_group.front_end",
            "module.asg.aws_autoscaling_group.this",
            "module.asg.aws_autoscaling_group.this_with_initial_lifecycle_hook",
            "module.asg.aws_launch_configuration.this",
            "module.asg.null_resource.tags_as_list_of_maps",
            "module.asg.random_pet.asg_name"
          ]
        }
      ]
    }
  ]
}
